
Microsoft Visual Studio Solution File, Format Version 12.00
# Visual Studio Version 17
VisualStudioVersion = 17.6.33801.468
MinimumVisualStudioVersion = 10.0.40219.1
Project("{FAE04EC0-301F-11D3-BF4B-00C04F79EFBC}") = "MvcMovie", "MvcMovie.csproj", "{547B007A-24B7-4623-AEBF-C28FE0A13144}"
EndProject
Project("{2150E333-8FDC-42A3-9474-1A3956D46DE8}") = "Solution Items", "Solution Items", "{349AEED8-77F7-46EB-B5CD-7CFA504FAF63}"
	ProjectSection(SolutionItems) = preProject
		Styles.css = Styles.css
	EndProjectSection
EndProject
Global
	GlobalSection(SolutionConfigurationPlatforms) = preSolution
		Debug|Any CPU = Debug|Any CPU
		Release|Any CPU = Release|Any CPU
	EndGlobalSection
	GlobalSection(ProjectConfigurationPlatforms) = postSolution
		{547B007A-24B7-4623-AEBF-C28FE0A13144}.Debug|Any CPU.ActiveCfg = Debug|Any CPU
		{547B007A-24B7-4623-AEBF-C28FE0A13144}.Debug|Any CPU.Build.0 = Debug|Any CPU
		{547B007A-24B7-4623-AEBF-C28FE0A13144}.Release|Any CPU.ActiveCfg = Release|Any CPU
		{547B007A-24B7-4623-AEBF-C28FE0A13144}.Release|Any CPU.Build.0 = Release|Any CPU
	EndGlobalSection
	GlobalSection(SolutionProperties) = preSolution
		HideSolutionNode = FALSE
	EndGlobalSection
	GlobalSection(ExtensibilityGlobals) = postSolution
		SolutionGuid = {3003F6CB-7667-44AD-93EC-417F2DBA645D}
	EndGlobalSection
EndGlobal
